
Microsoft Visual Studio Solution File, Format Version 12.00
# Visual Studio Version 17
VisualStudioVersion = 17.3.32611.2
MinimumVisualStudioVersion = 10.0.40219.1
Project("{FAE04EC0-301F-11D3-BF4B-00C04F79EFBC}") = "RemoveDuplicatesSortedArray", "RemoveDuplicatesSortedArray\RemoveDuplicatesSortedArray.csproj", "{6EFB5333-F555-415A-B43C-14723E926891}"
EndProject
Project("{FAE04EC0-301F-11D3-BF4B-00C04F79EFBC}") = "UnitTestProject1", "UnitTestProject1\UnitTestProject1.csproj", "{9D219449-6BCE-444B-BE16-241DAC267ED5}"
EndProject
Global
	GlobalSection(SolutionConfigurationPlatforms) = preSolution
		Debug|Any CPU = Debug|Any CPU
		Release|Any CPU = Release|Any CPU
	EndGlobalSection
	GlobalSection(ProjectConfigurationPlatforms) = postSolution
		{6EFB5333-F555-415A-B43C-14723E926891}.Debug|Any CPU.ActiveCfg = Debug|Any CPU
		{6EFB5333-F555-415A-B43C-14723E926891}.Debug|Any CPU.Build.0 = Debug|Any CPU
		{6EFB5333-F555-415A-B43C-14723E926891}.Release|Any CPU.ActiveCfg = Release|Any CPU
		{6EFB5333-F555-415A-B43C-14723E926891}.Release|Any CPU.Build.0 = Release|Any CPU
		{9D219449-6BCE-444B-BE16-241DAC267ED5}.Debug|Any CPU.ActiveCfg = Debug|Any CPU
		{9D219449-6BCE-444B-BE16-241DAC267ED5}.Debug|Any CPU.Build.0 = Debug|Any CPU
		{9D219449-6BCE-444B-BE16-241DAC267ED5}.Release|Any CPU.ActiveCfg = Release|Any CPU
		{9D219449-6BCE-444B-BE16-241DAC267ED5}.Release|Any CPU.Build.0 = Release|Any CPU
	EndGlobalSection
	GlobalSection(SolutionProperties) = preSolution
		HideSolutionNode = FALSE
	EndGlobalSection
	GlobalSection(ExtensibilityGlobals) = postSolution
		SolutionGuid = {16463364-8E9B-40B4-8248-3221321D027E}
	EndGlobalSection
EndGlobal
